
Microsoft Visual Studio Solution File, Format Version 12.00
# Visual Studio 2013
VisualStudioVersion = 12.0.31101.0
MinimumVisualStudioVersion = 10.0.40219.1
Project("{FAE04EC0-301F-11D3-BF4B-00C04F79EFBC}") = "Cribo", "Cribo\Cribo.csproj", "{AA3A392F-767D-47E5-A592-AC3F826D2356}"
EndProject
Project("{FAE04EC0-301F-11D3-BF4B-00C04F79EFBC}") = "CriboTest", "CriboTest\CriboTest.csproj", "{441F0A4E-BED8-4BD8-9EE1-F0F30226175D}"
EndProject
Global
	GlobalSection(SolutionConfigurationPlatforms) = preSolution
		Debug|Any CPU = Debug|Any CPU
		Release|Any CPU = Release|Any CPU
	EndGlobalSection
	GlobalSection(ProjectConfigurationPlatforms) = postSolution
		{AA3A392F-767D-47E5-A592-AC3F826D2356}.Debug|Any CPU.ActiveCfg = Debug|Any CPU
		{AA3A392F-767D-47E5-A592-AC3F826D2356}.Debug|Any CPU.Build.0 = Debug|Any CPU
		{AA3A392F-767D-47E5-A592-AC3F826D2356}.Release|Any CPU.ActiveCfg = Release|Any CPU
		{AA3A392F-767D-47E5-A592-AC3F826D2356}.Release|Any CPU.Build.0 = Release|Any CPU
		{441F0A4E-BED8-4BD8-9EE1-F0F30226175D}.Debug|Any CPU.ActiveCfg = Debug|Any CPU
		{441F0A4E-BED8-4BD8-9EE1-F0F30226175D}.Debug|Any CPU.Build.0 = Debug|Any CPU
		{441F0A4E-BED8-4BD8-9EE1-F0F30226175D}.Release|Any CPU.ActiveCfg = Release|Any CPU
		{441F0A4E-BED8-4BD8-9EE1-F0F30226175D}.Release|Any CPU.Build.0 = Release|Any CPU
	EndGlobalSection
	GlobalSection(SolutionProperties) = preSolution
		HideSolutionNode = FALSE
	EndGlobalSection
EndGlobal
